
Microsoft Visual Studio Solution File, Format Version 12.00
# Visual Studio Version 16
VisualStudioVersion = 16.0.29306.81
MinimumVisualStudioVersion = 10.0.40219.1
Project("{FAE04EC0-301F-11D3-BF4B-00C04F79EFBC}") = "DoAnLTTQ", "DoAnLTTQ\DoAnLTTQ.csproj", "{92A3CE46-DCC1-493A-BF90-C33A051E6FB2}"
EndProject
Global
	GlobalSection(SolutionConfigurationPlatforms) = preSolution
		Debug|Any CPU = Debug|Any CPU
		Release|Any CPU = Release|Any CPU
	EndGlobalSection
	GlobalSection(ProjectConfigurationPlatforms) = postSolution
		{92A3CE46-DCC1-493A-BF90-C33A051E6FB2}.Debug|Any CPU.ActiveCfg = Debug|Any CPU
		{92A3CE46-DCC1-493A-BF90-C33A051E6FB2}.Debug|Any CPU.Build.0 = Debug|Any CPU
		{92A3CE46-DCC1-493A-BF90-C33A051E6FB2}.Release|Any CPU.ActiveCfg = Release|Any CPU
		{92A3CE46-DCC1-493A-BF90-C33A051E6FB2}.Release|Any CPU.Build.0 = Release|Any CPU
	EndGlobalSection
	GlobalSection(SolutionProperties) = preSolution
		HideSolutionNode = FALSE
	EndGlobalSection
	GlobalSection(ExtensibilityGlobals) = postSolution
		SolutionGuid = {63FFB175-AFC7-4C32-A0D6-CA0D174DA951}
	EndGlobalSection
EndGlobal
